// !$*UTF8*$!
{
	archiveVersion = 1;
	classes = {
	};
	objectVersion = 46;
	objects = {

/* Begin PBXBuildFile section */
		63297FF517DE624200EE3B7A /* UIKit.framework in Frameworks */ = {isa = PBXBuildFile; fileRef = 63297FF417DE624200EE3B7A /* UIKit.framework */; };
		63297FF717DE624200EE3B7A /* Foundation.framework in Frameworks */ = {isa = PBXBuildFile; fileRef = 63297FF617DE624200EE3B7A /* Foundation.framework */; };
		63297FF917DE624200EE3B7A /* CoreGraphics.framework in Frameworks */ = {isa = PBXBuildFile; fileRef = 63297FF817DE624200EE3B7A /* CoreGraphics.framework */; };
		63297FFB17DE624200EE3B7A /* CoreData.framework in Frameworks */ = {isa = PBXBuildFile; fileRef = 63297FFA17DE624200EE3B7A /* CoreData.framework */; };
		6329800117DE624200EE3B7A /* InfoPlist.strings in Resources */ = {isa = PBXBuildFile; fileRef = 63297FFF17DE624200EE3B7A /* InfoPlist.strings */; };
		6329800317DE624200EE3B7A /* main.m in Sources */ = {isa = PBXBuildFile; fileRef = 6329800217DE624200EE3B7A /* main.m */; };
		6329800717DE624200EE3B7A /* AppDelegate.m in Sources */ = {isa = PBXBuildFile; fileRef = 6329800617DE624200EE3B7A /* AppDelegate.m */; };
		6329800917DE624200EE3B7A /* Default.png in Resources */ = {isa = PBXBuildFile; fileRef = 6329800817DE624200EE3B7A /* Default.png */; };
		6329800B17DE624200EE3B7A /* Default@2x.png in Resources */ = {isa = PBXBuildFile; fileRef = 6329800A17DE624200EE3B7A /* Default@2x.png */; };
		6329800D17DE624200EE3B7A /* Default-568h@2x.png in Resources */ = {isa = PBXBuildFile; fileRef = 6329800C17DE624200EE3B7A /* Default-568h@2x.png */; };
		6329801017DE624200EE3B7A /* MainStoryboard.storyboard in Resources */ = {isa = PBXBuildFile; fileRef = 6329800E17DE624200EE3B7A /* MainStoryboard.storyboard */; };
		6329802717DE68BC00EE3B7A /* PhotosViewController.m in Sources */ = {isa = PBXBuildFile; fileRef = 6329802417DE68BC00EE3B7A /* PhotosViewController.m */; };
		6329802817DE68BC00EE3B7A /* StationsViewController.m in Sources */ = {isa = PBXBuildFile; fileRef = 6329802617DE68BC00EE3B7A /* StationsViewController.m */; };
		6329802C17DE68D600EE3B7A /* TagTheTram.xcdatamodeld in Sources */ = {isa = PBXBuildFile; fileRef = 6329802A17DE68D600EE3B7A /* TagTheTram.xcdatamodeld */; };
		6329802F17DE69A000EE3B7A /* Station.m in Sources */ = {isa = PBXBuildFile; fileRef = 6329802E17DE69A000EE3B7A /* Station.m */; };
		6329803217DE69A000EE3B7A /* Photo.m in Sources */ = {isa = PBXBuildFile; fileRef = 6329803117DE69A000EE3B7A /* Photo.m */; };
		6329803717DE6BF600EE3B7A /* StationWebService.m in Sources */ = {isa = PBXBuildFile; fileRef = 6329803617DE6BF600EE3B7A /* StationWebService.m */; };
		6329803B17DE7E5D00EE3B7A /* Station+CRUD.m in Sources */ = {isa = PBXBuildFile; fileRef = 6329803A17DE7E5D00EE3B7A /* Station+CRUD.m */; };
/* End PBXBuildFile section */

/* Begin PBXFileReference section */
		63297FF117DE624200EE3B7A /* TagTheTram.app */ = {isa = PBXFileReference; explicitFileType = wrapper.application; includeInIndex = 0; path = TagTheTram.app; sourceTree = BUILT_PRODUCTS_DIR; };
		63297FF417DE624200EE3B7A /* UIKit.framework */ = {isa = PBXFileReference; lastKnownFileType = wrapper.framework; name = UIKit.framework; path = System/Library/Frameworks/UIKit.framework; sourceTree = SDKROOT; };
		63297FF617DE624200EE3B7A /* Foundation.framework */ = {isa = PBXFileReference; lastKnownFileType = wrapper.framework; name = Foundation.framework; path = System/Library/Frameworks/Foundation.framework; sourceTree = SDKROOT; };
		63297FF817DE624200EE3B7A /* CoreGraphics.framework */ = {isa = PBXFileReference; lastKnownFileType = wrapper.framework; name = CoreGraphics.framework; path = System/Library/Frameworks/CoreGraphics.framework; sourceTree = SDKROOT; };
		63297FFA17DE624200EE3B7A /* CoreData.framework */ = {isa = PBXFileReference; lastKnownFileType = wrapper.framework; name = CoreData.framework; path = System/Library/Frameworks/CoreData.framework; sourceTree = SDKROOT; };
		63297FFE17DE624200EE3B7A /* TagTheTram-Info.plist */ = {isa = PBXFileReference; lastKnownFileType = text.plist.xml; path = "TagTheTram-Info.plist"; sourceTree = "<group>"; };
		6329800017DE624200EE3B7A /* en */ = {isa = PBXFileReference; lastKnownFileType = text.plist.strings; name = en; path = en.lproj/InfoPlist.strings; sourceTree = "<group>"; };
		6329800217DE624200EE3B7A /* main.m */ = {isa = PBXFileReference; lastKnownFileType = sourcecode.c.objc; path = main.m; sourceTree = "<group>"; };
		6329800417DE624200EE3B7A /* TagTheTram-Prefix.pch */ = {isa = PBXFileReference; lastKnownFileType = sourcecode.c.h; path = "TagTheTram-Prefix.pch"; sourceTree = "<group>"; };
		6329800517DE624200EE3B7A /* AppDelegate.h */ = {isa = PBXFileReference; lastKnownFileType = sourcecode.c.h; path = AppDelegate.h; sourceTree = "<group>"; };
		6329800617DE624200EE3B7A /* AppDelegate.m */ = {isa = PBXFileReference; lastKnownFileType = sourcecode.c.objc; path = AppDelegate.m; sourceTree = "<group>"; };
		6329800817DE624200EE3B7A /* Default.png */ = {isa = PBXFileReference; lastKnownFileType = image.png; path = Default.png; sourceTree = "<group>"; };
		6329800A17DE624200EE3B7A /* Default@2x.png */ = {isa = PBXFileReference; lastKnownFileType = image.png; path = "Default@2x.png"; sourceTree = "<group>"; };
		6329800C17DE624200EE3B7A /* Default-568h@2x.png */ = {isa = PBXFileReference; lastKnownFileType = image.png; path = "Default-568h@2x.png"; sourceTree = "<group>"; };
		6329800F17DE624200EE3B7A /* en */ = {isa = PBXFileReference; lastKnownFileType = file.storyboard; name = en; path = en.lproj/MainStoryboard.storyboard; sourceTree = "<group>"; };
		6329802317DE68BC00EE3B7A /* PhotosViewController.h */ = {isa = PBXFileReference; fileEncoding = 4; lastKnownFileType = sourcecode.c.h; path = PhotosViewController.h; sourceTree = "<group>"; };
		6329802417DE68BC00EE3B7A /* PhotosViewController.m */ = {isa = PBXFileReference; fileEncoding = 4; lastKnownFileType = sourcecode.c.objc; path = PhotosViewController.m; sourceTree = "<group>"; };
		6329802517DE68BC00EE3B7A /* StationsViewController.h */ = {isa = PBXFileReference; fileEncoding = 4; lastKnownFileType = sourcecode.c.h; path = StationsViewController.h; sourceTree = "<group>"; };
		6329802617DE68BC00EE3B7A /* StationsViewController.m */ = {isa = PBXFileReference; fileEncoding = 4; lastKnownFileType = sourcecode.c.objc; path = StationsViewController.m; sourceTree = "<group>"; };
		6329802B17DE68D600EE3B7A /* TagTheTram.xcdatamodel */ = {isa = PBXFileReference; lastKnownFileType = wrapper.xcdatamodel; path = TagTheTram.xcdatamodel; sourceTree = "<group>"; };
		6329802D17DE69A000EE3B7A /* Station.h */ = {isa = PBXFileReference; fileEncoding = 4; lastKnownFileType = sourcecode.c.h; path = Station.h; sourceTree = "<group>"; };
		6329802E17DE69A000EE3B7A /* Station.m */ = {isa = PBXFileReference; fileEncoding = 4; lastKnownFileType = sourcecode.c.objc; path = Station.m; sourceTree = "<group>"; };
		6329803017DE69A000EE3B7A /* Photo.h */ = {isa = PBXFileReference; fileEncoding = 4; lastKnownFileType = sourcecode.c.h; path = Photo.h; sourceTree = "<group>"; };
		6329803117DE69A000EE3B7A /* Photo.m */ = {isa = PBXFileReference; fileEncoding = 4; lastKnownFileType = sourcecode.c.objc; path = Photo.m; sourceTree = "<group>"; };
		6329803517DE6BF600EE3B7A /* StationWebService.h */ = {isa = PBXFileReference; fileEncoding = 4; lastKnownFileType = sourcecode.c.h; path = StationWebService.h; sourceTree = "<group>"; };
		6329803617DE6BF600EE3B7A /* StationWebService.m */ = {isa = PBXFileReference; fileEncoding = 4; lastKnownFileType = sourcecode.c.objc; path = StationWebService.m; sourceTree = "<group>"; };
		6329803917DE7E5D00EE3B7A /* Station+CRUD.h */ = {isa = PBXFileReference; fileEncoding = 4; lastKnownFileType = sourcecode.c.h; path = "Station+CRUD.h"; sourceTree = "<group>"; };
		6329803A17DE7E5D00EE3B7A /* Station+CRUD.m */ = {isa = PBXFileReference; fileEncoding = 4; lastKnownFileType = sourcecode.c.objc; path = "Station+CRUD.m"; sourceTree = "<group>"; };
/* End PBXFileReference section */

/* Begin PBXFrameworksBuildPhase section */
		63297FEE17DE624200EE3B7A /* Frameworks */ = {
			isa = PBXFrameworksBuildPhase;
			buildActionMask = 2147483647;
			files = (
				63297FF517DE624200EE3B7A /* UIKit.framework in Frameworks */,
				63297FF717DE624200EE3B7A /* Foundation.framework in Frameworks */,
				63297FF917DE624200EE3B7A /* CoreGraphics.framework in Frameworks */,
				63297FFB17DE624200EE3B7A /* CoreData.framework in Frameworks */,
			);
			runOnlyForDeploymentPostprocessing = 0;
		};
/* End PBXFrameworksBuildPhase section */

/* Begin PBXGroup section */
		63297FE817DE624200EE3B7A = {
			isa = PBXGroup;
			children = (
				63297FFC17DE624200EE3B7A /* TagTheTram */,
				63297FF317DE624200EE3B7A /* Frameworks */,
				63297FF217DE624200EE3B7A /* Products */,
			);
			sourceTree = "<group>";
		};
		63297FF217DE624200EE3B7A /* Products */ = {
			isa = PBXGroup;
			children = (
				63297FF117DE624200EE3B7A /* TagTheTram.app */,
			);
			name = Products;
			sourceTree = "<group>";
		};
		63297FF317DE624200EE3B7A /* Frameworks */ = {
			isa = PBXGroup;
			children = (
				63297FF417DE624200EE3B7A /* UIKit.framework */,
				63297FF617DE624200EE3B7A /* Foundation.framework */,
				63297FF817DE624200EE3B7A /* CoreGraphics.framework */,
				63297FFA17DE624200EE3B7A /* CoreData.framework */,
			);
			name = Frameworks;
			sourceTree = "<group>";
		};
		63297FFC17DE624200EE3B7A /* TagTheTram */ = {
			isa = PBXGroup;
			children = (
				6329800517DE624200EE3B7A /* AppDelegate.h */,
				6329800617DE624200EE3B7A /* AppDelegate.m */,
				6329802217DE68BC00EE3B7A /* Controllers */,
				6329800E17DE624200EE3B7A /* MainStoryboard.storyboard */,
				6329802917DE68D600EE3B7A /* Models */,
				63297FFD17DE624200EE3B7A /* Supporting Files */,
			);
			path = TagTheTram;
			sourceTree = "<group>";
		};
		63297FFD17DE624200EE3B7A /* Supporting Files */ = {
			isa = PBXGroup;
			children = (
				63297FFE17DE624200EE3B7A /* TagTheTram-Info.plist */,
				63297FFF17DE624200EE3B7A /* InfoPlist.strings */,
				6329800217DE624200EE3B7A /* main.m */,
				6329800417DE624200EE3B7A /* TagTheTram-Prefix.pch */,
				6329800817DE624200EE3B7A /* Default.png */,
				6329800A17DE624200EE3B7A /* Default@2x.png */,
				6329800C17DE624200EE3B7A /* Default-568h@2x.png */,
			);
			name = "Supporting Files";
			sourceTree = "<group>";
		};
		6329802217DE68BC00EE3B7A /* Controllers */ = {
			isa = PBXGroup;
			children = (
				6329802517DE68BC00EE3B7A /* StationsViewController.h */,
				6329802617DE68BC00EE3B7A /* StationsViewController.m */,
				6329802317DE68BC00EE3B7A /* PhotosViewController.h */,
				6329802417DE68BC00EE3B7A /* PhotosViewController.m */,
			);
			path = Controllers;
			sourceTree = "<group>";
		};
		6329802917DE68D600EE3B7A /* Models */ = {
			isa = PBXGroup;
			children = (
				6329802A17DE68D600EE3B7A /* TagTheTram.xcdatamodeld */,
				6329802D17DE69A000EE3B7A /* Station.h */,
				6329802E17DE69A000EE3B7A /* Station.m */,
				6329803017DE69A000EE3B7A /* Photo.h */,
				6329803117DE69A000EE3B7A /* Photo.m */,
				6329803317DE69A400EE3B7A /* Additions */,
				6329803817DE6BFC00EE3B7A /* WebService */,
			);
			path = Models;
			sourceTree = "<group>";
		};
		6329803317DE69A400EE3B7A /* Additions */ = {
			isa = PBXGroup;
			children = (
				6329803917DE7E5D00EE3B7A /* Station+CRUD.h */,
				6329803A17DE7E5D00EE3B7A /* Station+CRUD.m */,
			);
			name = Additions;
			sourceTree = "<group>";
		};
		6329803817DE6BFC00EE3B7A /* WebService */ = {
			isa = PBXGroup;
			children = (
				6329803517DE6BF600EE3B7A /* StationWebService.h */,
				6329803617DE6BF600EE3B7A /* StationWebService.m */,
			);
			name = WebService;
			sourceTree = "<group>";
		};
/* End PBXGroup section */

/* Begin PBXNativeTarget section */
		63297FF017DE624200EE3B7A /* TagTheTram */ = {
			isa = PBXNativeTarget;
			buildConfigurationList = 6329801C17DE624200EE3B7A /* Build configuration list for PBXNativeTarget "TagTheTram" */;
			buildPhases = (
				63297FED17DE624200EE3B7A /* Sources */,
				63297FEE17DE624200EE3B7A /* Frameworks */,
				63297FEF17DE624200EE3B7A /* Resources */,
			);
			buildRules = (
			);
			dependencies = (
			);
			name = TagTheTram;
			productName = TagTheTram;
			productReference = 63297FF117DE624200EE3B7A /* TagTheTram.app */;
			productType = "com.apple.product-type.application";
		};
/* End PBXNativeTarget section */

/* Begin PBXProject section */
		63297FE917DE624200EE3B7A /* Project object */ = {
			isa = PBXProject;
			attributes = {
				LastUpgradeCheck = 0460;
				ORGANIZATIONNAME = "David Barthelemy, iMakeit4U";
			};
			buildConfigurationList = 63297FEC17DE624200EE3B7A /* Build configuration list for PBXProject "TagTheTram" */;
			compatibilityVersion = "Xcode 3.2";
			developmentRegion = English;
			hasScannedForEncodings = 0;
			knownRegions = (
				en,
			);
			mainGroup = 63297FE817DE624200EE3B7A;
			productRefGroup = 63297FF217DE624200EE3B7A /* Products */;
			projectDirPath = "";
			projectRoot = "";
			targets = (
				63297FF017DE624200EE3B7A /* TagTheTram */,
			);
		};
/* End PBXProject section */

/* Begin PBXResourcesBuildPhase section */
		63297FEF17DE624200EE3B7A /* Resources */ = {
			isa = PBXResourcesBuildPhase;
			buildActionMask = 2147483647;
			files = (
				6329800117DE624200EE3B7A /* InfoPlist.strings in Resources */,
				6329800917DE624200EE3B7A /* Default.png in Resources */,
				6329800B17DE624200EE3B7A /* Default@2x.png in Resources */,
				6329800D17DE624200EE3B7A /* Default-568h@2x.png in Resources */,
				6329801017DE624200EE3B7A /* MainStoryboard.storyboard in Resources */,
			);
			runOnlyForDeploymentPostprocessing = 0;
		};
/* End PBXResourcesBuildPhase section */

/* Begin PBXSourcesBuildPhase section */
		63297FED17DE624200EE3B7A /* Sources */ = {
			isa = PBXSourcesBuildPhase;
			buildActionMask = 2147483647;
			files = (
				6329800317DE624200EE3B7A /* main.m in Sources */,
				6329800717DE624200EE3B7A /* AppDelegate.m in Sources */,
				6329802717DE68BC00EE3B7A /* PhotosViewController.m in Sources */,
				6329802817DE68BC00EE3B7A /* StationsViewController.m in Sources */,
				6329802C17DE68D600EE3B7A /* TagTheTram.xcdatamodeld in Sources */,
				6329802F17DE69A000EE3B7A /* Station.m in Sources */,
				6329803217DE69A000EE3B7A /* Photo.m in Sources */,
				6329803717DE6BF600EE3B7A /* StationWebService.m in Sources */,
				6329803B17DE7E5D00EE3B7A /* Station+CRUD.m in Sources */,
			);
			runOnlyForDeploymentPostprocessing = 0;
		};
/* End PBXSourcesBuildPhase section */

/* Begin PBXVariantGroup section */
		63297FFF17DE624200EE3B7A /* InfoPlist.strings */ = {
			isa = PBXVariantGroup;
			children = (
				6329800017DE624200EE3B7A /* en */,
			);
			name = InfoPlist.strings;
			sourceTree = "<group>";
		};
		6329800E17DE624200EE3B7A /* MainStoryboard.storyboard */ = {
			isa = PBXVariantGroup;
			children = (
				6329800F17DE624200EE3B7A /* en */,
			);
			name = MainStoryboard.storyboard;
			sourceTree = "<group>";
		};
/* End PBXVariantGroup section */

/* Begin XCBuildConfiguration section */
		6329801A17DE624200EE3B7A /* Debug */ = {
			isa = XCBuildConfiguration;
			buildSettings = {
				ALWAYS_SEARCH_USER_PATHS = NO;
				CLANG_CXX_LANGUAGE_STANDARD = "gnu++0x";
				CLANG_CXX_LIBRARY = "libc++";
				CLANG_WARN_CONSTANT_CONVERSION = YES;
				CLANG_WARN_EMPTY_BODY = YES;
				CLANG_WARN_ENUM_CONVERSION = YES;
				CLANG_WARN_INT_CONVERSION = YES;
				CLANG_WARN__DUPLICATE_METHOD_MATCH = YES;
				"CODE_SIGN_IDENTITY[sdk=iphoneos*]" = "iPhone Developer";
				COPY_PHASE_STRIP = NO;
				GCC_C_LANGUAGE_STANDARD = gnu99;
				GCC_DYNAMIC_NO_PIC = NO;
				GCC_OPTIMIZATION_LEVEL = 0;
				GCC_PREPROCESSOR_DEFINITIONS = (
					"DEBUG=1",
					"$(inherited)",
				);
				GCC_SYMBOLS_PRIVATE_EXTERN = NO;
				GCC_WARN_ABOUT_RETURN_TYPE = YES;
				GCC_WARN_UNINITIALIZED_AUTOS = YES;
				GCC_WARN_UNUSED_VARIABLE = YES;
				IPHONEOS_DEPLOYMENT_TARGET = 5.0;
				ONLY_ACTIVE_ARCH = YES;
				SDKROOT = iphoneos;
			};
			name = Debug;
		};
		6329801B17DE624200EE3B7A /* Release */ = {
			isa = XCBuildConfiguration;
			buildSettings = {
				ALWAYS_SEARCH_USER_PATHS = NO;
				CLANG_CXX_LANGUAGE_STANDARD = "gnu++0x";
				CLANG_CXX_LIBRARY = "libc++";
				CLANG_WARN_CONSTANT_CONVERSION = YES;
				CLANG_WARN_EMPTY_BODY = YES;
				CLANG_WARN_ENUM_CONVERSION = YES;
				CLANG_WARN_INT_CONVERSION = YES;
				CLANG_WARN__DUPLICATE_METHOD_MATCH = YES;
				"CODE_SIGN_IDENTITY[sdk=iphoneos*]" = "iPhone Developer";
				COPY_PHASE_STRIP = YES;
				GCC_C_LANGUAGE_STANDARD = gnu99;
				GCC_WARN_ABOUT_RETURN_TYPE = YES;
				GCC_WARN_UNINITIALIZED_AUTOS = YES;
				GCC_WARN_UNUSED_VARIABLE = YES;
				IPHONEOS_DEPLOYMENT_TARGET = 5.0;
				OTHER_CFLAGS = "-DNS_BLOCK_ASSERTIONS=1";
				SDKROOT = iphoneos;
				VALIDATE_PRODUCT = YES;
			};
			name = Release;
		};
		6329801D17DE624200EE3B7A /* Debug */ = {
			isa = XCBuildConfiguration;
			buildSettings = {
				GCC_PRECOMPILE_PREFIX_HEADER = YES;
				GCC_PREFIX_HEADER = "TagTheTram/TagTheTram-Prefix.pch";
				INFOPLIST_FILE = "TagTheTram/TagTheTram-Info.plist";
				PRODUCT_NAME = "$(TARGET_NAME)";
				WRAPPER_EXTENSION = app;
			};
			name = Debug;
		};
		6329801E17DE624200EE3B7A /* Release */ = {
			isa = XCBuildConfiguration;
			buildSettings = {
				GCC_PRECOMPILE_PREFIX_HEADER = YES;
				GCC_PREFIX_HEADER = "TagTheTram/TagTheTram-Prefix.pch";
				INFOPLIST_FILE = "TagTheTram/TagTheTram-Info.plist";
				PRODUCT_NAME = "$(TARGET_NAME)";
				WRAPPER_EXTENSION = app;
			};
			name = Release;
		};
/* End XCBuildConfiguration section */

/* Begin XCConfigurationList section */
		63297FEC17DE624200EE3B7A /* Build configuration list for PBXProject "TagTheTram" */ = {
			isa = XCConfigurationList;
			buildConfigurations = (
				6329801A17DE624200EE3B7A /* Debug */,
				6329801B17DE624200EE3B7A /* Release */,
			);
			defaultConfigurationIsVisible = 0;
			defaultConfigurationName = Release;
		};
		6329801C17DE624200EE3B7A /* Build configuration list for PBXNativeTarget "TagTheTram" */ = {
			isa = XCConfigurationList;
			buildConfigurations = (
				6329801D17DE624200EE3B7A /* Debug */,
				6329801E17DE624200EE3B7A /* Release */,
			);
			defaultConfigurationIsVisible = 0;
			defaultConfigurationName = Release;
		};
/* End XCConfigurationList section */

/* Begin XCVersionGroup section */
		6329802A17DE68D600EE3B7A /* TagTheTram.xcdatamodeld */ = {
			isa = XCVersionGroup;
			children = (
				6329802B17DE68D600EE3B7A /* TagTheTram.xcdatamodel */,
			);
			currentVersion = 6329802B17DE68D600EE3B7A /* TagTheTram.xcdatamodel */;
			path = TagTheTram.xcdatamodeld;
			sourceTree = "<group>";
			versionGroupType = wrapper.xcdatamodel;
		};
/* End XCVersionGroup section */
	};
	rootObject = 63297FE917DE624200EE3B7A /* Project object */;
}
